
Microsoft Visual Studio Solution File, Format Version 12.00
# Visual Studio Version 16
VisualStudioVersion = 16.0.30413.136
MinimumVisualStudioVersion = 10.0.40219.1
Project("{E24C65DC-7377-472B-9ABA-BC803B73C61A}") = "WebSiteFirst", ".", "{AFDEFC88-31E5-4B9E-AE35-D37230440CEE}"
	ProjectSection(WebsiteProperties) = preProject
		TargetFrameworkMoniker = ".NETFramework,Version%3Dv4.5"
		Debug.AspNetCompiler.VirtualPath = "/localhost_2780"
		Debug.AspNetCompiler.PhysicalPath = "..\WebSiteFirst\"
		Debug.AspNetCompiler.TargetPath = "PrecompiledWeb\localhost_2780\"
		Debug.AspNetCompiler.Updateable = "true"
		Debug.AspNetCompiler.ForceOverwrite = "true"
		Debug.AspNetCompiler.FixedNames = "false"
		Debug.AspNetCompiler.Debug = "True"
		Release.AspNetCompiler.VirtualPath = "/localhost_2780"
		Release.AspNetCompiler.PhysicalPath = "..\WebSiteFirst\"
		Release.AspNetCompiler.TargetPath = "PrecompiledWeb\localhost_2780\"
		Release.AspNetCompiler.Updateable = "true"
		Release.AspNetCompiler.ForceOverwrite = "true"
		Release.AspNetCompiler.FixedNames = "false"
		Release.AspNetCompiler.Debug = "False"
		VWDPort = "2780"
		SlnRelativePath = "..\WebSiteFirst\"
		DefaultWebSiteLanguage = "Visual C#"
	EndProjectSection
EndProject
Global
	GlobalSection(SolutionConfigurationPlatforms) = preSolution
		Debug|Any CPU = Debug|Any CPU
	EndGlobalSection
	GlobalSection(ProjectConfigurationPlatforms) = postSolution
		{AFDEFC88-31E5-4B9E-AE35-D37230440CEE}.Debug|Any CPU.ActiveCfg = Debug|Any CPU
		{AFDEFC88-31E5-4B9E-AE35-D37230440CEE}.Debug|Any CPU.Build.0 = Debug|Any CPU
	EndGlobalSection
	GlobalSection(SolutionProperties) = preSolution
		HideSolutionNode = FALSE
	EndGlobalSection
	GlobalSection(ExtensibilityGlobals) = postSolution
		SolutionGuid = {7995BCC9-BE0B-4FAD-965C-156DB9FA3D70}
	EndGlobalSection
EndGlobal
